// !$*UTF8*$!
{
	archiveVersion = 1;
	classes = {
	};
	objectVersion = 51;
	objects = {

/* Begin PBXBuildFile section */
		2606BB7D27545ADB00E0CB73 /* recipes.txt in Resources */ = {isa = PBXBuildFile; fileRef = 2606BB7C27545ADB00E0CB73 /* recipes.txt */; };
		269F5D3B273DA2E900ACE691 /* GoogleService-Info.plist in Resources */ = {isa = PBXBuildFile; fileRef = 269F5D3A273DA2E900ACE691 /* GoogleService-Info.plist */; };
		A400CD7F273E06D0007768AB /* ProfileViewController.swift in Sources */ = {isa = PBXBuildFile; fileRef = A400CD7E273E06D0007768AB /* ProfileViewController.swift */; };
		A400CD81273E0CAF007768AB /* profile.png in Resources */ = {isa = PBXBuildFile; fileRef = A400CD80273E0CAF007768AB /* profile.png */; };
		A400CD83273E0F06007768AB /* settings.png in Resources */ = {isa = PBXBuildFile; fileRef = A400CD82273E0F06007768AB /* settings.png */; };
		A400CD85273E1041007768AB /* SettingsViewController.swift in Sources */ = {isa = PBXBuildFile; fileRef = A400CD84273E1041007768AB /* SettingsViewController.swift */; };
		A400CD87273E2305007768AB /* favorite.png in Resources */ = {isa = PBXBuildFile; fileRef = A400CD86273E2305007768AB /* favorite.png */; };
		A400CD89273E2311007768AB /* search.png in Resources */ = {isa = PBXBuildFile; fileRef = A400CD88273E2311007768AB /* search.png */; };
		A400CD8D273E2EE0007768AB /* utensils.png in Resources */ = {isa = PBXBuildFile; fileRef = A400CD8C273E2EE0007768AB /* utensils.png */; };
		A400CD8F273F0F73007768AB /* login.png in Resources */ = {isa = PBXBuildFile; fileRef = A400CD8E273F0F73007768AB /* login.png */; };
		A400CD91273F0F7D007768AB /* signup.png in Resources */ = {isa = PBXBuildFile; fileRef = A400CD90273F0F7D007768AB /* signup.png */; };
		A400CDFD274D8ED4007768AB /* delete.png in Resources */ = {isa = PBXBuildFile; fileRef = A400CDFC274D8ED4007768AB /* delete.png */; };
		A41936DF273A2355000F6556 /* AppDelegate.swift in Sources */ = {isa = PBXBuildFile; fileRef = A41936DE273A2355000F6556 /* AppDelegate.swift */; };
		A41936E1273A2355000F6556 /* SceneDelegate.swift in Sources */ = {isa = PBXBuildFile; fileRef = A41936E0273A2355000F6556 /* SceneDelegate.swift */; };
		A41936E6273A2355000F6556 /* Main.storyboard in Resources */ = {isa = PBXBuildFile; fileRef = A41936E4273A2355000F6556 /* Main.storyboard */; };
		A41936E9273A2355000F6556 /* Kitchen_Sink.xcdatamodeld in Sources */ = {isa = PBXBuildFile; fileRef = A41936E7273A2355000F6556 /* Kitchen_Sink.xcdatamodeld */; };
		A41936F6273A23AC000F6556 /* LoginViewController.swift in Sources */ = {isa = PBXBuildFile; fileRef = A41936F5273A23AC000F6556 /* LoginViewController.swift */; };
		A41936F8273A2622000F6556 /* Assets.xcassets in Resources */ = {isa = PBXBuildFile; fileRef = A41936F7273A2622000F6556 /* Assets.xcassets */; };
		A41936FC273A280D000F6556 /* icon.png in Resources */ = {isa = PBXBuildFile; fileRef = A41936FB273A280D000F6556 /* icon.png */; };
		A435B5072752DDC900612A92 /* searchbutton.png in Resources */ = {isa = PBXBuildFile; fileRef = A435B5032752DDC800612A92 /* searchbutton.png */; };
		A435B5082752DDC900612A92 /* dinner.png in Resources */ = {isa = PBXBuildFile; fileRef = A435B5042752DDC800612A92 /* dinner.png */; };
		A435B5092752DDC900612A92 /* breakfast.png in Resources */ = {isa = PBXBuildFile; fileRef = A435B5052752DDC800612A92 /* breakfast.png */; };
		A435B50A2752DDC900612A92 /* lunch.png in Resources */ = {isa = PBXBuildFile; fileRef = A435B5062752DDC900612A92 /* lunch.png */; };
		A435B50C2752E1D500612A92 /* SearchViewController.swift in Sources */ = {isa = PBXBuildFile; fileRef = A435B50B2752E1D500612A92 /* SearchViewController.swift */; };
		A435B5102752E78500612A92 /* TableViewController.swift in Sources */ = {isa = PBXBuildFile; fileRef = A435B50F2752E78500612A92 /* TableViewController.swift */; };
		A435B512275461D200612A92 /* RecipeViewController.swift in Sources */ = {isa = PBXBuildFile; fileRef = A435B511275461D200612A92 /* RecipeViewController.swift */; };
		F5D3A6D349340959EA1EC27E /* Pods_Kitchen_Sink.framework in Frameworks */ = {isa = PBXBuildFile; fileRef = 96A4B7C487885438E54ED27B /* Pods_Kitchen_Sink.framework */; };
/* End PBXBuildFile section */

/* Begin PBXFileReference section */
		2606BB7C27545ADB00E0CB73 /* recipes.txt */ = {isa = PBXFileReference; fileEncoding = 4; lastKnownFileType = text; path = recipes.txt; sourceTree = "<group>"; };
		269F5D3A273DA2E900ACE691 /* GoogleService-Info.plist */ = {isa = PBXFileReference; fileEncoding = 4; lastKnownFileType = text.plist.xml; path = "GoogleService-Info.plist"; sourceTree = "<group>"; };
		6BEE669883E12E1552BE7CD3 /* Pods-Kitchen Sink.debug.xcconfig */ = {isa = PBXFileReference; includeInIndex = 1; lastKnownFileType = text.xcconfig; name = "Pods-Kitchen Sink.debug.xcconfig"; path = "Target Support Files/Pods-Kitchen Sink/Pods-Kitchen Sink.debug.xcconfig"; sourceTree = "<group>"; };
		96A4B7C487885438E54ED27B /* Pods_Kitchen_Sink.framework */ = {isa = PBXFileReference; explicitFileType = wrapper.framework; includeInIndex = 0; path = Pods_Kitchen_Sink.framework; sourceTree = BUILT_PRODUCTS_DIR; };
		A400CD7E273E06D0007768AB /* ProfileViewController.swift */ = {isa = PBXFileReference; lastKnownFileType = sourcecode.swift; path = ProfileViewController.swift; sourceTree = "<group>"; };
		A400CD80273E0CAF007768AB /* profile.png */ = {isa = PBXFileReference; lastKnownFileType = image.png; path = profile.png; sourceTree = "<group>"; };
		A400CD82273E0F06007768AB /* settings.png */ = {isa = PBXFileReference; lastKnownFileType = image.png; path = settings.png; sourceTree = "<group>"; };
		A400CD84273E1041007768AB /* SettingsViewController.swift */ = {isa = PBXFileReference; lastKnownFileType = sourcecode.swift; path = SettingsViewController.swift; sourceTree = "<group>"; };
		A400CD86273E2305007768AB /* favorite.png */ = {isa = PBXFileReference; lastKnownFileType = image.png; path = favorite.png; sourceTree = "<group>"; };
		A400CD88273E2311007768AB /* search.png */ = {isa = PBXFileReference; lastKnownFileType = image.png; path = search.png; sourceTree = "<group>"; };
		A400CD8C273E2EE0007768AB /* utensils.png */ = {isa = PBXFileReference; lastKnownFileType = image.png; path = utensils.png; sourceTree = "<group>"; };
		A400CD8E273F0F73007768AB /* login.png */ = {isa = PBXFileReference; lastKnownFileType = image.png; path = login.png; sourceTree = "<group>"; };
		A400CD90273F0F7D007768AB /* signup.png */ = {isa = PBXFileReference; lastKnownFileType = image.png; path = signup.png; sourceTree = "<group>"; };
		A400CDFC274D8ED4007768AB /* delete.png */ = {isa = PBXFileReference; lastKnownFileType = image.png; path = delete.png; sourceTree = "<group>"; };
		A41936DB273A2355000F6556 /* Kitchen Sink.app */ = {isa = PBXFileReference; explicitFileType = wrapper.application; includeInIndex = 0; path = "Kitchen Sink.app"; sourceTree = BUILT_PRODUCTS_DIR; };
		A41936DE273A2355000F6556 /* AppDelegate.swift */ = {isa = PBXFileReference; lastKnownFileType = sourcecode.swift; path = AppDelegate.swift; sourceTree = "<group>"; };
		A41936E0273A2355000F6556 /* SceneDelegate.swift */ = {isa = PBXFileReference; lastKnownFileType = sourcecode.swift; path = SceneDelegate.swift; sourceTree = "<group>"; };
		A41936E5273A2355000F6556 /* Base */ = {isa = PBXFileReference; lastKnownFileType = file.storyboard; name = Base; path = Base.lproj/Main.storyboard; sourceTree = "<group>"; };
		A41936E8273A2355000F6556 /* Kitchen_Sink.xcdatamodel */ = {isa = PBXFileReference; lastKnownFileType = wrapper.xcdatamodel; path = Kitchen_Sink.xcdatamodel; sourceTree = "<group>"; };
		A41936EF273A2359000F6556 /* Info.plist */ = {isa = PBXFileReference; lastKnownFileType = text.plist.xml; path = Info.plist; sourceTree = "<group>"; };
		A41936F5273A23AC000F6556 /* LoginViewController.swift */ = {isa = PBXFileReference; lastKnownFileType = sourcecode.swift; path = LoginViewController.swift; sourceTree = "<group>"; };
		A41936F7273A2622000F6556 /* Assets.xcassets */ = {isa = PBXFileReference; lastKnownFileType = folder.assetcatalog; path = Assets.xcassets; sourceTree = "<group>"; };
		A41936FB273A280D000F6556 /* icon.png */ = {isa = PBXFileReference; lastKnownFileType = image.png; name = icon.png; path = Assets.xcassets/icon.png; sourceTree = "<group>"; };
		A435B5032752DDC800612A92 /* searchbutton.png */ = {isa = PBXFileReference; lastKnownFileType = image.png; path = searchbutton.png; sourceTree = "<group>"; };
		A435B5042752DDC800612A92 /* dinner.png */ = {isa = PBXFileReference; lastKnownFileType = image.png; path = dinner.png; sourceTree = "<group>"; };
		A435B5052752DDC800612A92 /* breakfast.png */ = {isa = PBXFileReference; lastKnownFileType = image.png; path = breakfast.png; sourceTree = "<group>"; };
		A435B5062752DDC900612A92 /* lunch.png */ = {isa = PBXFileReference; lastKnownFileType = image.png; path = lunch.png; sourceTree = "<group>"; };
		A435B50B2752E1D500612A92 /* SearchViewController.swift */ = {isa = PBXFileReference; lastKnownFileType = sourcecode.swift; path = SearchViewController.swift; sourceTree = "<group>"; };
		A435B50F2752E78500612A92 /* TableViewController.swift */ = {isa = PBXFileReference; lastKnownFileType = sourcecode.swift; path = TableViewController.swift; sourceTree = "<group>"; };
		A435B511275461D200612A92 /* RecipeViewController.swift */ = {isa = PBXFileReference; lastKnownFileType = sourcecode.swift; path = RecipeViewController.swift; sourceTree = "<group>"; };
		D5FA5BD69A7FC54826CC81F2 /* Pods-Kitchen Sink.release.xcconfig */ = {isa = PBXFileReference; includeInIndex = 1; lastKnownFileType = text.xcconfig; name = "Pods-Kitchen Sink.release.xcconfig"; path = "Target Support Files/Pods-Kitchen Sink/Pods-Kitchen Sink.release.xcconfig"; sourceTree = "<group>"; };
/* End PBXFileReference section */

/* Begin PBXFrameworksBuildPhase section */
		A41936D8273A2355000F6556 /* Frameworks */ = {
			isa = PBXFrameworksBuildPhase;
			buildActionMask = 2147483647;
			files = (
				F5D3A6D349340959EA1EC27E /* Pods_Kitchen_Sink.framework in Frameworks */,
			);
			runOnlyForDeploymentPostprocessing = 0;
		};
/* End PBXFrameworksBuildPhase section */

/* Begin PBXGroup section */
		02E52EE753555373AD254C01 /* Frameworks */ = {
			isa = PBXGroup;
			children = (
				96A4B7C487885438E54ED27B /* Pods_Kitchen_Sink.framework */,
			);
			name = Frameworks;
			sourceTree = "<group>";
		};
		3250AE8A675E46BF12CF5110 /* Pods */ = {
			isa = PBXGroup;
			children = (
				6BEE669883E12E1552BE7CD3 /* Pods-Kitchen Sink.debug.xcconfig */,
				D5FA5BD69A7FC54826CC81F2 /* Pods-Kitchen Sink.release.xcconfig */,
			);
			path = Pods;
			sourceTree = "<group>";
		};
		A41936D2273A2355000F6556 = {
			isa = PBXGroup;
			children = (
				A41936DD273A2355000F6556 /* Kitchen Sink */,
				A41936DC273A2355000F6556 /* Products */,
				3250AE8A675E46BF12CF5110 /* Pods */,
				02E52EE753555373AD254C01 /* Frameworks */,
			);
			sourceTree = "<group>";
		};
		A41936DC273A2355000F6556 /* Products */ = {
			isa = PBXGroup;
			children = (
				A41936DB273A2355000F6556 /* Kitchen Sink.app */,
			);
			name = Products;
			sourceTree = "<group>";
		};
		A41936DD273A2355000F6556 /* Kitchen Sink */ = {
			isa = PBXGroup;
			children = (
				A435B50B2752E1D500612A92 /* SearchViewController.swift */,
				2606BB7C27545ADB00E0CB73 /* recipes.txt */,
				A435B50F2752E78500612A92 /* TableViewController.swift */,
				269F5D3A273DA2E900ACE691 /* GoogleService-Info.plist */,
				A41936DE273A2355000F6556 /* AppDelegate.swift */,
				A41936E0273A2355000F6556 /* SceneDelegate.swift */,
				A41936E4273A2355000F6556 /* Main.storyboard */,
				A435B511275461D200612A92 /* RecipeViewController.swift */,
				A435B5052752DDC800612A92 /* breakfast.png */,
				A435B5042752DDC800612A92 /* dinner.png */,
				A435B5062752DDC900612A92 /* lunch.png */,
				A435B5032752DDC800612A92 /* searchbutton.png */,
				A400CDFC274D8ED4007768AB /* delete.png */,
				A400CD90273F0F7D007768AB /* signup.png */,
				A400CD8E273F0F73007768AB /* login.png */,
				A400CD8C273E2EE0007768AB /* utensils.png */,
				A400CD88273E2311007768AB /* search.png */,
				A400CD86273E2305007768AB /* favorite.png */,
				A400CD84273E1041007768AB /* SettingsViewController.swift */,
				A400CD82273E0F06007768AB /* settings.png */,
				A400CD80273E0CAF007768AB /* profile.png */,
				A41936F5273A23AC000F6556 /* LoginViewController.swift */,
				A400CD7E273E06D0007768AB /* ProfileViewController.swift */,
				A41936F7273A2622000F6556 /* Assets.xcassets */,
				A41936FB273A280D000F6556 /* icon.png */,
				A41936EF273A2359000F6556 /* Info.plist */,
				A41936E7273A2355000F6556 /* Kitchen_Sink.xcdatamodeld */,
			);
			path = "Kitchen Sink";
			sourceTree = "<group>";
		};
/* End PBXGroup section */

/* Begin PBXNativeTarget section */
		A41936DA273A2355000F6556 /* Kitchen Sink */ = {
			isa = PBXNativeTarget;
			buildConfigurationList = A41936F2273A2359000F6556 /* Build configuration list for PBXNativeTarget "Kitchen Sink" */;
			buildPhases = (
				D86A03272A8C055BA8A7729C /* [CP] Check Pods Manifest.lock */,
				A41936D7273A2355000F6556 /* Sources */,
				A41936D8273A2355000F6556 /* Frameworks */,
				A41936D9273A2355000F6556 /* Resources */,
				F1B1A6F9D8BC20E41C833B7D /* [CP] Embed Pods Frameworks */,
			);
			buildRules = (
			);
			dependencies = (
			);
			name = "Kitchen Sink";
			productName = "Kitchen Sink";
			productReference = A41936DB273A2355000F6556 /* Kitchen Sink.app */;
			productType = "com.apple.product-type.application";
		};
/* End PBXNativeTarget section */

/* Begin PBXProject section */
		A41936D3273A2355000F6556 /* Project object */ = {
			isa = PBXProject;
			attributes = {
				LastSwiftUpdateCheck = 1250;
				LastUpgradeCheck = 1250;
				TargetAttributes = {
					A41936DA273A2355000F6556 = {
						CreatedOnToolsVersion = 12.5.1;
					};
				};
			};
			buildConfigurationList = A41936D6273A2355000F6556 /* Build configuration list for PBXProject "Kitchen Sink" */;
			compatibilityVersion = "Xcode 9.3";
			developmentRegion = en;
			hasScannedForEncodings = 0;
			knownRegions = (
				en,
				Base,
			);
			mainGroup = A41936D2273A2355000F6556;
			productRefGroup = A41936DC273A2355000F6556 /* Products */;
			projectDirPath = "";
			projectRoot = "";
			targets = (
				A41936DA273A2355000F6556 /* Kitchen Sink */,
			);
		};
/* End PBXProject section */

/* Begin PBXResourcesBuildPhase section */
		A41936D9273A2355000F6556 /* Resources */ = {
			isa = PBXResourcesBuildPhase;
			buildActionMask = 2147483647;
			files = (
				A41936FC273A280D000F6556 /* icon.png in Resources */,
				A400CD89273E2311007768AB /* search.png in Resources */,
				A400CD83273E0F06007768AB /* settings.png in Resources */,
				2606BB7D27545ADB00E0CB73 /* recipes.txt in Resources */,
				A400CD81273E0CAF007768AB /* profile.png in Resources */,
				A400CD8D273E2EE0007768AB /* utensils.png in Resources */,
				A400CDFD274D8ED4007768AB /* delete.png in Resources */,
				A435B50A2752DDC900612A92 /* lunch.png in Resources */,
				A435B5072752DDC900612A92 /* searchbutton.png in Resources */,
				A400CD8F273F0F73007768AB /* login.png in Resources */,
				A435B5092752DDC900612A92 /* breakfast.png in Resources */,
				A41936F8273A2622000F6556 /* Assets.xcassets in Resources */,
				A41936E6273A2355000F6556 /* Main.storyboard in Resources */,
				269F5D3B273DA2E900ACE691 /* GoogleService-Info.plist in Resources */,
				A435B5082752DDC900612A92 /* dinner.png in Resources */,
				A400CD87273E2305007768AB /* favorite.png in Resources */,
				A400CD91273F0F7D007768AB /* signup.png in Resources */,
			);
			runOnlyForDeploymentPostprocessing = 0;
		};
/* End PBXResourcesBuildPhase section */

/* Begin PBXShellScriptBuildPhase section */
		D86A03272A8C055BA8A7729C /* [CP] Check Pods Manifest.lock */ = {
			isa = PBXShellScriptBuildPhase;
			buildActionMask = 2147483647;
			files = (
			);
			inputFileListPaths = (
			);
			inputPaths = (
				"${PODS_PODFILE_DIR_PATH}/Podfile.lock",
				"${PODS_ROOT}/Manifest.lock",
			);
			name = "[CP] Check Pods Manifest.lock";
			outputFileListPaths = (
			);
			outputPaths = (
				"$(DERIVED_FILE_DIR)/Pods-Kitchen Sink-checkManifestLockResult.txt",
			);
			runOnlyForDeploymentPostprocessing = 0;
			shellPath = /bin/sh;
			shellScript = "diff \"${PODS_PODFILE_DIR_PATH}/Podfile.lock\" \"${PODS_ROOT}/Manifest.lock\" > /dev/null\nif [ $? != 0 ] ; then\n    # print error to STDERR\n    echo \"error: The sandbox is not in sync with the Podfile.lock. Run 'pod install' or update your CocoaPods installation.\" >&2\n    exit 1\nfi\n# This output is used by Xcode 'outputs' to avoid re-running this script phase.\necho \"SUCCESS\" > \"${SCRIPT_OUTPUT_FILE_0}\"\n";
			showEnvVarsInLog = 0;
		};
		F1B1A6F9D8BC20E41C833B7D /* [CP] Embed Pods Frameworks */ = {
			isa = PBXShellScriptBuildPhase;
			buildActionMask = 2147483647;
			files = (
			);
			inputFileListPaths = (
				"${PODS_ROOT}/Target Support Files/Pods-Kitchen Sink/Pods-Kitchen Sink-frameworks-${CONFIGURATION}-input-files.xcfilelist",
			);
			name = "[CP] Embed Pods Frameworks";
			outputFileListPaths = (
				"${PODS_ROOT}/Target Support Files/Pods-Kitchen Sink/Pods-Kitchen Sink-frameworks-${CONFIGURATION}-output-files.xcfilelist",
			);
			runOnlyForDeploymentPostprocessing = 0;
			shellPath = /bin/sh;
			shellScript = "\"${PODS_ROOT}/Target Support Files/Pods-Kitchen Sink/Pods-Kitchen Sink-frameworks.sh\"\n";
			showEnvVarsInLog = 0;
		};
/* End PBXShellScriptBuildPhase section */

/* Begin PBXSourcesBuildPhase section */
		A41936D7273A2355000F6556 /* Sources */ = {
			isa = PBXSourcesBuildPhase;
			buildActionMask = 2147483647;
			files = (
				A41936DF273A2355000F6556 /* AppDelegate.swift in Sources */,
				A41936E1273A2355000F6556 /* SceneDelegate.swift in Sources */,
				A435B50C2752E1D500612A92 /* SearchViewController.swift in Sources */,
				A400CD7F273E06D0007768AB /* ProfileViewController.swift in Sources */,
				A41936F6273A23AC000F6556 /* LoginViewController.swift in Sources */,
				A41936E9273A2355000F6556 /* Kitchen_Sink.xcdatamodeld in Sources */,
				A400CD85273E1041007768AB /* SettingsViewController.swift in Sources */,
				A435B5102752E78500612A92 /* TableViewController.swift in Sources */,
				A435B512275461D200612A92 /* RecipeViewController.swift in Sources */,
			);
			runOnlyForDeploymentPostprocessing = 0;
		};
/* End PBXSourcesBuildPhase section */

/* Begin PBXVariantGroup section */
		A41936E4273A2355000F6556 /* Main.storyboard */ = {
			isa = PBXVariantGroup;
			children = (
				A41936E5273A2355000F6556 /* Base */,
			);
			name = Main.storyboard;
			sourceTree = "<group>";
		};
/* End PBXVariantGroup section */

/* Begin XCBuildConfiguration section */
		A41936F0273A2359000F6556 /* Debug */ = {
			isa = XCBuildConfiguration;
			buildSettings = {
				ALWAYS_SEARCH_USER_PATHS = NO;
				CLANG_ANALYZER_NONNULL = YES;
				CLANG_ANALYZER_NUMBER_OBJECT_CONVERSION = YES_AGGRESSIVE;
				CLANG_CXX_LANGUAGE_STANDARD = "gnu++14";
				CLANG_CXX_LIBRARY = "libc++";
				CLANG_ENABLE_MODULES = YES;
				CLANG_ENABLE_OBJC_ARC = YES;
				CLANG_ENABLE_OBJC_WEAK = YES;
				CLANG_WARN_BLOCK_CAPTURE_AUTORELEASING = YES;
				CLANG_WARN_BOOL_CONVERSION = YES;
				CLANG_WARN_COMMA = YES;
				CLANG_WARN_CONSTANT_CONVERSION = YES;
				CLANG_WARN_DEPRECATED_OBJC_IMPLEMENTATIONS = YES;
				CLANG_WARN_DIRECT_OBJC_ISA_USAGE = YES_ERROR;
				CLANG_WARN_DOCUMENTATION_COMMENTS = YES;
				CLANG_WARN_EMPTY_BODY = YES;
				CLANG_WARN_ENUM_CONVERSION = YES;
				CLANG_WARN_INFINITE_RECURSION = YES;
				CLANG_WARN_INT_CONVERSION = YES;
				CLANG_WARN_NON_LITERAL_NULL_CONVERSION = YES;
				CLANG_WARN_OBJC_IMPLICIT_RETAIN_SELF = YES;
				CLANG_WARN_OBJC_LITERAL_CONVERSION = YES;
				CLANG_WARN_OBJC_ROOT_CLASS = YES_ERROR;
				CLANG_WARN_QUOTED_INCLUDE_IN_FRAMEWORK_HEADER = YES;
				CLANG_WARN_RANGE_LOOP_ANALYSIS = YES;
				CLANG_WARN_STRICT_PROTOTYPES = YES;
				CLANG_WARN_SUSPICIOUS_MOVE = YES;
				CLANG_WARN_UNGUARDED_AVAILABILITY = YES_AGGRESSIVE;
				CLANG_WARN_UNREACHABLE_CODE = YES;
				CLANG_WARN__DUPLICATE_METHOD_MATCH = YES;
				COPY_PHASE_STRIP = NO;
				DEBUG_INFORMATION_FORMAT = dwarf;
				ENABLE_STRICT_OBJC_MSGSEND = YES;
				ENABLE_TESTABILITY = YES;
				GCC_C_LANGUAGE_STANDARD = gnu11;
				GCC_DYNAMIC_NO_PIC = NO;
				GCC_NO_COMMON_BLOCKS = YES;
				GCC_OPTIMIZATION_LEVEL = 0;
				GCC_PREPROCESSOR_DEFINITIONS = (
					"DEBUG=1",
					"$(inherited)",
				);
				GCC_WARN_64_TO_32_BIT_CONVERSION = YES;
				GCC_WARN_ABOUT_RETURN_TYPE = YES_ERROR;
				GCC_WARN_UNDECLARED_SELECTOR = YES;
				GCC_WARN_UNINITIALIZED_AUTOS = YES_AGGRESSIVE;
				GCC_WARN_UNUSED_FUNCTION = YES;
				GCC_WARN_UNUSED_VARIABLE = YES;
				IPHONEOS_DEPLOYMENT_TARGET = 14.5;
				MTL_ENABLE_DEBUG_INFO = INCLUDE_SOURCE;
				MTL_FAST_MATH = YES;
				ONLY_ACTIVE_ARCH = YES;
				SDKROOT = iphoneos;
				SWIFT_ACTIVE_COMPILATION_CONDITIONS = DEBUG;
				SWIFT_OPTIMIZATION_LEVEL = "-Onone";
			};
			name = Debug;
		};
		A41936F1273A2359000F6556 /* Release */ = {
			isa = XCBuildConfiguration;
			buildSettings = {
				ALWAYS_SEARCH_USER_PATHS = NO;
				CLANG_ANALYZER_NONNULL = YES;
				CLANG_ANALYZER_NUMBER_OBJECT_CONVERSION = YES_AGGRESSIVE;
				CLANG_CXX_LANGUAGE_STANDARD = "gnu++14";
				CLANG_CXX_LIBRARY = "libc++";
				CLANG_ENABLE_MODULES = YES;
				CLANG_ENABLE_OBJC_ARC = YES;
				CLANG_ENABLE_OBJC_WEAK = YES;
				CLANG_WARN_BLOCK_CAPTURE_AUTORELEASING = YES;
				CLANG_WARN_BOOL_CONVERSION = YES;
				CLANG_WARN_COMMA = YES;
				CLANG_WARN_CONSTANT_CONVERSION = YES;
				CLANG_WARN_DEPRECATED_OBJC_IMPLEMENTATIONS = YES;
				CLANG_WARN_DIRECT_OBJC_ISA_USAGE = YES_ERROR;
				CLANG_WARN_DOCUMENTATION_COMMENTS = YES;
				CLANG_WARN_EMPTY_BODY = YES;
				CLANG_WARN_ENUM_CONVERSION = YES;
				CLANG_WARN_INFINITE_RECURSION = YES;
				CLANG_WARN_INT_CONVERSION = YES;
				CLANG_WARN_NON_LITERAL_NULL_CONVERSION = YES;
				CLANG_WARN_OBJC_IMPLICIT_RETAIN_SELF = YES;
				CLANG_WARN_OBJC_LITERAL_CONVERSION = YES;
				CLANG_WARN_OBJC_ROOT_CLASS = YES_ERROR;
				CLANG_WARN_QUOTED_INCLUDE_IN_FRAMEWORK_HEADER = YES;
				CLANG_WARN_RANGE_LOOP_ANALYSIS = YES;
				CLANG_WARN_STRICT_PROTOTYPES = YES;
				CLANG_WARN_SUSPICIOUS_MOVE = YES;
				CLANG_WARN_UNGUARDED_AVAILABILITY = YES_AGGRESSIVE;
				CLANG_WARN_UNREACHABLE_CODE = YES;
				CLANG_WARN__DUPLICATE_METHOD_MATCH = YES;
				COPY_PHASE_STRIP = NO;
				DEBUG_INFORMATION_FORMAT = "dwarf-with-dsym";
				ENABLE_NS_ASSERTIONS = NO;
				ENABLE_STRICT_OBJC_MSGSEND = YES;
				GCC_C_LANGUAGE_STANDARD = gnu11;
				GCC_NO_COMMON_BLOCKS = YES;
				GCC_WARN_64_TO_32_BIT_CONVERSION = YES;
				GCC_WARN_ABOUT_RETURN_TYPE = YES_ERROR;
				GCC_WARN_UNDECLARED_SELECTOR = YES;
				GCC_WARN_UNINITIALIZED_AUTOS = YES_AGGRESSIVE;
				GCC_WARN_UNUSED_FUNCTION = YES;
				GCC_WARN_UNUSED_VARIABLE = YES;
				IPHONEOS_DEPLOYMENT_TARGET = 14.5;
				MTL_ENABLE_DEBUG_INFO = NO;
				MTL_FAST_MATH = YES;
				SDKROOT = iphoneos;
				SWIFT_COMPILATION_MODE = wholemodule;
				SWIFT_OPTIMIZATION_LEVEL = "-O";
				VALIDATE_PRODUCT = YES;
			};
			name = Release;
		};
		A41936F3273A2359000F6556 /* Debug */ = {
			isa = XCBuildConfiguration;
			baseConfigurationReference = 6BEE669883E12E1552BE7CD3 /* Pods-Kitchen Sink.debug.xcconfig */;
			buildSettings = {
				ASSETCATALOG_COMPILER_APPICON_NAME = AppIcon;
				ASSETCATALOG_COMPILER_GLOBAL_ACCENT_COLOR_NAME = AccentColor;
				CODE_SIGN_STYLE = Automatic;
				INFOPLIST_FILE = "Kitchen Sink/Info.plist";
				LD_RUNPATH_SEARCH_PATHS = (
					"$(inherited)",
					"@executable_path/Frameworks",
				);
				PRODUCT_BUNDLE_IDENTIFIER = "team21.Kitchen-Sink";
				PRODUCT_NAME = "$(TARGET_NAME)";
				SWIFT_VERSION = 5.0;
				TARGETED_DEVICE_FAMILY = "1,2";
			};
			name = Debug;
		};
		A41936F4273A2359000F6556 /* Release */ = {
			isa = XCBuildConfiguration;
			baseConfigurationReference = D5FA5BD69A7FC54826CC81F2 /* Pods-Kitchen Sink.release.xcconfig */;
			buildSettings = {
				ASSETCATALOG_COMPILER_APPICON_NAME = AppIcon;
				ASSETCATALOG_COMPILER_GLOBAL_ACCENT_COLOR_NAME = AccentColor;
				CODE_SIGN_STYLE = Automatic;
				INFOPLIST_FILE = "Kitchen Sink/Info.plist";
				LD_RUNPATH_SEARCH_PATHS = (
					"$(inherited)",
					"@executable_path/Frameworks",
				);
				PRODUCT_BUNDLE_IDENTIFIER = "team21.Kitchen-Sink";
				PRODUCT_NAME = "$(TARGET_NAME)";
				SWIFT_VERSION = 5.0;
				TARGETED_DEVICE_FAMILY = "1,2";
			};
			name = Release;
		};
/* End XCBuildConfiguration section */

/* Begin XCConfigurationList section */
		A41936D6273A2355000F6556 /* Build configuration list for PBXProject "Kitchen Sink" */ = {
			isa = XCConfigurationList;
			buildConfigurations = (
				A41936F0273A2359000F6556 /* Debug */,
				A41936F1273A2359000F6556 /* Release */,
			);
			defaultConfigurationIsVisible = 0;
			defaultConfigurationName = Release;
		};
		A41936F2273A2359000F6556 /* Build configuration list for PBXNativeTarget "Kitchen Sink" */ = {
			isa = XCConfigurationList;
			buildConfigurations = (
				A41936F3273A2359000F6556 /* Debug */,
				A41936F4273A2359000F6556 /* Release */,
			);
			defaultConfigurationIsVisible = 0;
			defaultConfigurationName = Release;
		};
/* End XCConfigurationList section */

/* Begin XCVersionGroup section */
		A41936E7273A2355000F6556 /* Kitchen_Sink.xcdatamodeld */ = {
			isa = XCVersionGroup;
			children = (
				A41936E8273A2355000F6556 /* Kitchen_Sink.xcdatamodel */,
			);
			currentVersion = A41936E8273A2355000F6556 /* Kitchen_Sink.xcdatamodel */;
			path = Kitchen_Sink.xcdatamodeld;
			sourceTree = "<group>";
			versionGroupType = wrapper.xcdatamodel;
		};
/* End XCVersionGroup section */
	};
	rootObject = A41936D3273A2355000F6556 /* Project object */;
}
